
Microsoft Visual Studio Solution File, Format Version 12.00
# Visual Studio Version 17
VisualStudioVersion = 17.13.35913.81 d17.13
MinimumVisualStudioVersion = 10.0.40219.1
Project("{2150E333-8FDC-42A3-9474-1A3956D46DE8}") = "Services", "Services", "{02EA681E-C7D8-13C7-8484-4AC65E1B71E8}"
EndProject
Project("{2150E333-8FDC-42A3-9474-1A3956D46DE8}") = "Catalog", "Catalog", "{6C6B3952-186F-45B9-9B84-4EA826E6AED1}"
EndProject
Project("{FAE04EC0-301F-11D3-BF4B-00C04F79EFBC}") = "CatalogApi", "Services\Catalog\CatalogApi\CatalogApi.csproj", "{B03DC560-3029-4A4A-803D-A6E7ABC7D310}"
EndProject
Global
	GlobalSection(SolutionConfigurationPlatforms) = preSolution
		Debug|Any CPU = Debug|Any CPU
		Release|Any CPU = Release|Any CPU
	EndGlobalSection
	GlobalSection(ProjectConfigurationPlatforms) = postSolution
		{B03DC560-3029-4A4A-803D-A6E7ABC7D310}.Debug|Any CPU.ActiveCfg = Debug|Any CPU
		{B03DC560-3029-4A4A-803D-A6E7ABC7D310}.Debug|Any CPU.Build.0 = Debug|Any CPU
		{B03DC560-3029-4A4A-803D-A6E7ABC7D310}.Release|Any CPU.ActiveCfg = Release|Any CPU
		{B03DC560-3029-4A4A-803D-A6E7ABC7D310}.Release|Any CPU.Build.0 = Release|Any CPU
	EndGlobalSection
	GlobalSection(SolutionProperties) = preSolution
		HideSolutionNode = FALSE
	EndGlobalSection
	GlobalSection(NestedProjects) = preSolution
		{6C6B3952-186F-45B9-9B84-4EA826E6AED1} = {02EA681E-C7D8-13C7-8484-4AC65E1B71E8}
		{B03DC560-3029-4A4A-803D-A6E7ABC7D310} = {6C6B3952-186F-45B9-9B84-4EA826E6AED1}
	EndGlobalSection
	GlobalSection(ExtensibilityGlobals) = postSolution
		SolutionGuid = {BEC48EC9-A286-4F55-B1FD-0198DC0233C9}
	EndGlobalSection
EndGlobal
