
Microsoft Visual Studio Solution File, Format Version 12.00
# Visual Studio Version 17
VisualStudioVersion = 17.13.35913.81
MinimumVisualStudioVersion = 10.0.40219.1
Project("{2150E333-8FDC-42A3-9474-1A3956D46DE8}") = "Services", "Services", "{02EA681E-C7D8-13C7-8484-4AC65E1B71E8}"
EndProject
Project("{2150E333-8FDC-42A3-9474-1A3956D46DE8}") = "Catalog", "Catalog", "{6C6B3952-186F-45B9-9B84-4EA826E6AED1}"
EndProject
Project("{FAE04EC0-301F-11D3-BF4B-00C04F79EFBC}") = "CatalogApi", "Services\Catalog\CatalogApi\CatalogApi.csproj", "{B03DC560-3029-4A4A-803D-A6E7ABC7D310}"
EndProject
Project("{E53339B2-1760-4266-BCC7-CA923CBCF16C}") = "docker-compose", "docker-compose.dcproj", "{81DDED9D-158B-E303-5F62-77A2896D2A5A}"
EndProject
Project("{2150E333-8FDC-42A3-9474-1A3956D46DE8}") = "Basket", "Basket", "{A7AC9020-17CE-42CF-AFCA-7A527F689E71}"
EndProject
Project("{FAE04EC0-301F-11D3-BF4B-00C04F79EFBC}") = "BasketApi", "Services\Basket\BasketApi\BasketApi.csproj", "{4356E8CA-12C5-4438-AE2C-3D94182147EE}"
EndProject
Project("{FAE04EC0-301F-11D3-BF4B-00C04F79EFBC}") = "DiscountApi", "Services\Discount\DiscountApi\DiscountApi.csproj", "{C9043C31-416A-4395-B4BA-E4F78E7861AC}"
EndProject
Project("{2150E333-8FDC-42A3-9474-1A3956D46DE8}") = "Discount", "Discount", "{61036BCF-713B-469C-8EB6-3B0366AD8584}"
EndProject
Project("{FAE04EC0-301F-11D3-BF4B-00C04F79EFBC}") = "DiscountGrpc", "Services\Discount\DiscountGrpc\DiscountGrpc.csproj", "{8345F876-7C07-4484-BB3B-AAA6968926A6}"
EndProject
Project("{2150E333-8FDC-42A3-9474-1A3956D46DE8}") = "Ordering", "Ordering", "{E6C8C8CF-E5AC-4842-A6C6-E88419AF4A9C}"
EndProject
Project("{2150E333-8FDC-42A3-9474-1A3956D46DE8}") = "4API", "4API", "{13BAD525-9B57-44D7-A699-ED756E7BF7E3}"
EndProject
Project("{2150E333-8FDC-42A3-9474-1A3956D46DE8}") = "1Domain", "1Domain", "{054F7BF8-DEC3-426A-B795-661ED9F87406}"
EndProject
Project("{2150E333-8FDC-42A3-9474-1A3956D46DE8}") = "2Apliication", "2Apliication", "{3D3B6802-6D81-4DB2-8BEF-E296AE942CF6}"
EndProject
Project("{2150E333-8FDC-42A3-9474-1A3956D46DE8}") = "3Infrastructure", "3Infrastructure", "{56672D99-A4B7-4024-9B15-EB0268FDCAF1}"
EndProject
Project("{FAE04EC0-301F-11D3-BF4B-00C04F79EFBC}") = "OrderingApi", "Services\Ordering\Api\OrderingApi\OrderingApi.csproj", "{7E876C5B-670A-41B6-B2DF-DD84097115CE}"
EndProject
Project("{FAE04EC0-301F-11D3-BF4B-00C04F79EFBC}") = "OrderingDomain", "Services\Ordering\Domain\OrderingDomain\OrderingDomain.csproj", "{40991856-7E36-461F-AFE6-FBEEEC617034}"
EndProject
Project("{FAE04EC0-301F-11D3-BF4B-00C04F79EFBC}") = "OrderingApplication", "Services\Ordering\Application\OrderingApplication\OrderingApplication.csproj", "{7C004085-45A5-44B9-8F51-B6722F5730BC}"
EndProject
Project("{FAE04EC0-301F-11D3-BF4B-00C04F79EFBC}") = "OrderingInfrastructure", "Services\Ordering\Infrustructure\OrderingInfrustructure\OrderingInfrastructure.csproj", "{83AD7EA0-8093-4152-8E11-C629948637E6}"
EndProject
Project("{2150E333-8FDC-42A3-9474-1A3956D46DE8}") = "BuildingBlocks", "BuildingBlocks", "{DA50702B-061C-455F-89B3-A23C134E71DC}"
EndProject
Project("{FAE04EC0-301F-11D3-BF4B-00C04F79EFBC}") = "EventBusMessages", "BuildingBlocks\EventBusMessages\EventBusMessages.csproj", "{91C00F82-224F-4BCC-AA47-3861C5F85BA2}"
EndProject
Global
	GlobalSection(SolutionConfigurationPlatforms) = preSolution
		Debug|Any CPU = Debug|Any CPU
		Release|Any CPU = Release|Any CPU
	EndGlobalSection
	GlobalSection(ProjectConfigurationPlatforms) = postSolution
		{B03DC560-3029-4A4A-803D-A6E7ABC7D310}.Debug|Any CPU.ActiveCfg = Debug|Any CPU
		{B03DC560-3029-4A4A-803D-A6E7ABC7D310}.Debug|Any CPU.Build.0 = Debug|Any CPU
		{B03DC560-3029-4A4A-803D-A6E7ABC7D310}.Release|Any CPU.ActiveCfg = Release|Any CPU
		{B03DC560-3029-4A4A-803D-A6E7ABC7D310}.Release|Any CPU.Build.0 = Release|Any CPU
		{81DDED9D-158B-E303-5F62-77A2896D2A5A}.Debug|Any CPU.ActiveCfg = Debug|Any CPU
		{81DDED9D-158B-E303-5F62-77A2896D2A5A}.Debug|Any CPU.Build.0 = Debug|Any CPU
		{81DDED9D-158B-E303-5F62-77A2896D2A5A}.Release|Any CPU.ActiveCfg = Release|Any CPU
		{81DDED9D-158B-E303-5F62-77A2896D2A5A}.Release|Any CPU.Build.0 = Release|Any CPU
		{4356E8CA-12C5-4438-AE2C-3D94182147EE}.Debug|Any CPU.ActiveCfg = Debug|Any CPU
		{4356E8CA-12C5-4438-AE2C-3D94182147EE}.Debug|Any CPU.Build.0 = Debug|Any CPU
		{4356E8CA-12C5-4438-AE2C-3D94182147EE}.Release|Any CPU.ActiveCfg = Release|Any CPU
		{4356E8CA-12C5-4438-AE2C-3D94182147EE}.Release|Any CPU.Build.0 = Release|Any CPU
		{C9043C31-416A-4395-B4BA-E4F78E7861AC}.Debug|Any CPU.ActiveCfg = Debug|Any CPU
		{C9043C31-416A-4395-B4BA-E4F78E7861AC}.Debug|Any CPU.Build.0 = Debug|Any CPU
		{C9043C31-416A-4395-B4BA-E4F78E7861AC}.Release|Any CPU.ActiveCfg = Release|Any CPU
		{C9043C31-416A-4395-B4BA-E4F78E7861AC}.Release|Any CPU.Build.0 = Release|Any CPU
		{8345F876-7C07-4484-BB3B-AAA6968926A6}.Debug|Any CPU.ActiveCfg = Debug|Any CPU
		{8345F876-7C07-4484-BB3B-AAA6968926A6}.Debug|Any CPU.Build.0 = Debug|Any CPU
		{8345F876-7C07-4484-BB3B-AAA6968926A6}.Release|Any CPU.ActiveCfg = Release|Any CPU
		{8345F876-7C07-4484-BB3B-AAA6968926A6}.Release|Any CPU.Build.0 = Release|Any CPU
		{7E876C5B-670A-41B6-B2DF-DD84097115CE}.Debug|Any CPU.ActiveCfg = Debug|Any CPU
		{7E876C5B-670A-41B6-B2DF-DD84097115CE}.Debug|Any CPU.Build.0 = Debug|Any CPU
		{7E876C5B-670A-41B6-B2DF-DD84097115CE}.Release|Any CPU.ActiveCfg = Release|Any CPU
		{7E876C5B-670A-41B6-B2DF-DD84097115CE}.Release|Any CPU.Build.0 = Release|Any CPU
		{40991856-7E36-461F-AFE6-FBEEEC617034}.Debug|Any CPU.ActiveCfg = Debug|Any CPU
		{40991856-7E36-461F-AFE6-FBEEEC617034}.Debug|Any CPU.Build.0 = Debug|Any CPU
		{40991856-7E36-461F-AFE6-FBEEEC617034}.Release|Any CPU.ActiveCfg = Release|Any CPU
		{40991856-7E36-461F-AFE6-FBEEEC617034}.Release|Any CPU.Build.0 = Release|Any CPU
		{7C004085-45A5-44B9-8F51-B6722F5730BC}.Debug|Any CPU.ActiveCfg = Debug|Any CPU
		{7C004085-45A5-44B9-8F51-B6722F5730BC}.Debug|Any CPU.Build.0 = Debug|Any CPU
		{7C004085-45A5-44B9-8F51-B6722F5730BC}.Release|Any CPU.ActiveCfg = Release|Any CPU
		{7C004085-45A5-44B9-8F51-B6722F5730BC}.Release|Any CPU.Build.0 = Release|Any CPU
		{83AD7EA0-8093-4152-8E11-C629948637E6}.Debug|Any CPU.ActiveCfg = Debug|Any CPU
		{83AD7EA0-8093-4152-8E11-C629948637E6}.Debug|Any CPU.Build.0 = Debug|Any CPU
		{83AD7EA0-8093-4152-8E11-C629948637E6}.Release|Any CPU.ActiveCfg = Release|Any CPU
		{83AD7EA0-8093-4152-8E11-C629948637E6}.Release|Any CPU.Build.0 = Release|Any CPU
		{91C00F82-224F-4BCC-AA47-3861C5F85BA2}.Debug|Any CPU.ActiveCfg = Debug|Any CPU
		{91C00F82-224F-4BCC-AA47-3861C5F85BA2}.Debug|Any CPU.Build.0 = Debug|Any CPU
		{91C00F82-224F-4BCC-AA47-3861C5F85BA2}.Release|Any CPU.ActiveCfg = Release|Any CPU
		{91C00F82-224F-4BCC-AA47-3861C5F85BA2}.Release|Any CPU.Build.0 = Release|Any CPU
	EndGlobalSection
	GlobalSection(SolutionProperties) = preSolution
		HideSolutionNode = FALSE
	EndGlobalSection
	GlobalSection(NestedProjects) = preSolution
		{6C6B3952-186F-45B9-9B84-4EA826E6AED1} = {02EA681E-C7D8-13C7-8484-4AC65E1B71E8}
		{B03DC560-3029-4A4A-803D-A6E7ABC7D310} = {6C6B3952-186F-45B9-9B84-4EA826E6AED1}
		{A7AC9020-17CE-42CF-AFCA-7A527F689E71} = {02EA681E-C7D8-13C7-8484-4AC65E1B71E8}
		{4356E8CA-12C5-4438-AE2C-3D94182147EE} = {A7AC9020-17CE-42CF-AFCA-7A527F689E71}
		{C9043C31-416A-4395-B4BA-E4F78E7861AC} = {61036BCF-713B-469C-8EB6-3B0366AD8584}
		{61036BCF-713B-469C-8EB6-3B0366AD8584} = {02EA681E-C7D8-13C7-8484-4AC65E1B71E8}
		{8345F876-7C07-4484-BB3B-AAA6968926A6} = {61036BCF-713B-469C-8EB6-3B0366AD8584}
		{E6C8C8CF-E5AC-4842-A6C6-E88419AF4A9C} = {02EA681E-C7D8-13C7-8484-4AC65E1B71E8}
		{13BAD525-9B57-44D7-A699-ED756E7BF7E3} = {E6C8C8CF-E5AC-4842-A6C6-E88419AF4A9C}
		{054F7BF8-DEC3-426A-B795-661ED9F87406} = {E6C8C8CF-E5AC-4842-A6C6-E88419AF4A9C}
		{3D3B6802-6D81-4DB2-8BEF-E296AE942CF6} = {E6C8C8CF-E5AC-4842-A6C6-E88419AF4A9C}
		{56672D99-A4B7-4024-9B15-EB0268FDCAF1} = {E6C8C8CF-E5AC-4842-A6C6-E88419AF4A9C}
		{7E876C5B-670A-41B6-B2DF-DD84097115CE} = {13BAD525-9B57-44D7-A699-ED756E7BF7E3}
		{40991856-7E36-461F-AFE6-FBEEEC617034} = {054F7BF8-DEC3-426A-B795-661ED9F87406}
		{7C004085-45A5-44B9-8F51-B6722F5730BC} = {3D3B6802-6D81-4DB2-8BEF-E296AE942CF6}
		{83AD7EA0-8093-4152-8E11-C629948637E6} = {56672D99-A4B7-4024-9B15-EB0268FDCAF1}
		{91C00F82-224F-4BCC-AA47-3861C5F85BA2} = {DA50702B-061C-455F-89B3-A23C134E71DC}
	EndGlobalSection
	GlobalSection(ExtensibilityGlobals) = postSolution
		SolutionGuid = {BEC48EC9-A286-4F55-B1FD-0198DC0233C9}
	EndGlobalSection
EndGlobal
